
Microsoft Visual Studio Solution File, Format Version 12.00
# Visual Studio 15
VisualStudioVersion = 15.0.28307.329
MinimumVisualStudioVersion = 10.0.40219.1
Project("{FAE04EC0-301F-11D3-BF4B-00C04F79EFBC}") = "WinForms1", "WinForms1\WinForms1.csproj", "{F308FD62-679B-4260-B301-F9A2478FE6DB}"
EndProject
Global
	GlobalSection(SolutionConfigurationPlatforms) = preSolution
		Debug|Any CPU = Debug|Any CPU
		Release|Any CPU = Release|Any CPU
	EndGlobalSection
	GlobalSection(ProjectConfigurationPlatforms) = postSolution
		{F308FD62-679B-4260-B301-F9A2478FE6DB}.Debug|Any CPU.ActiveCfg = Debug|Any CPU
		{F308FD62-679B-4260-B301-F9A2478FE6DB}.Debug|Any CPU.Build.0 = Debug|Any CPU
		{F308FD62-679B-4260-B301-F9A2478FE6DB}.Release|Any CPU.ActiveCfg = Release|Any CPU
		{F308FD62-679B-4260-B301-F9A2478FE6DB}.Release|Any CPU.Build.0 = Release|Any CPU
	EndGlobalSection
	GlobalSection(SolutionProperties) = preSolution
		HideSolutionNode = FALSE
	EndGlobalSection
	GlobalSection(ExtensibilityGlobals) = postSolution
		SolutionGuid = {3A0D9060-8DC2-415D-A8E0-EE6E6B6D6375}
	EndGlobalSection
EndGlobal
